
Microsoft Visual Studio Solution File, Format Version 12.00
# Visual Studio Version 17
VisualStudioVersion = 17.9.34616.47
MinimumVisualStudioVersion = 10.0.40219.1
Project("{FAE04EC0-301F-11D3-BF4B-00C04F79EFBC}") = "crudapiwithjquery", "crudapiwithjquery\crudapiwithjquery.csproj", "{C37FF263-A663-43AE-990E-6DE466A9555E}"
EndProject
Global
	GlobalSection(SolutionConfigurationPlatforms) = preSolution
		Debug|Any CPU = Debug|Any CPU
		Release|Any CPU = Release|Any CPU
	EndGlobalSection
	GlobalSection(ProjectConfigurationPlatforms) = postSolution
		{C37FF263-A663-43AE-990E-6DE466A9555E}.Debug|Any CPU.ActiveCfg = Debug|Any CPU
		{C37FF263-A663-43AE-990E-6DE466A9555E}.Debug|Any CPU.Build.0 = Debug|Any CPU
		{C37FF263-A663-43AE-990E-6DE466A9555E}.Release|Any CPU.ActiveCfg = Release|Any CPU
		{C37FF263-A663-43AE-990E-6DE466A9555E}.Release|Any CPU.Build.0 = Release|Any CPU
	EndGlobalSection
	GlobalSection(SolutionProperties) = preSolution
		HideSolutionNode = FALSE
	EndGlobalSection
	GlobalSection(ExtensibilityGlobals) = postSolution
		SolutionGuid = {F879D651-B86A-4B46-9152-1DF0CFACBBE1}
	EndGlobalSection
EndGlobal
